
Microsoft Visual Studio Solution File, Format Version 12.00
# Visual Studio Version 17
VisualStudioVersion = 17.9.34616.47
MinimumVisualStudioVersion = 10.0.40219.1
Project("{8BC9CEB8-8B4A-11D0-8D11-00A0C91BC942}") = "ParadigmaOOP1_0004", "ParadigmaOOP1_0004\ParadigmaOOP1_0004.vcxproj", "{00FA1B94-B60A-4F10-8E93-436B3F88B5D9}"
EndProject
Project("{8BC9CEB8-8B4A-11D0-8D11-00A0C91BC942}") = "Inisialisasi", "Inisialisasi\Inisialisasi.vcxproj", "{B0AED3B6-59DF-4AE2-A9DE-A38C53AA4CD5}"
EndProject
Project("{8BC9CEB8-8B4A-11D0-8D11-00A0C91BC942}") = "Composition", "Composition\Composition.vcxproj", "{09233148-9F53-49CD-9C59-B867C1D9676E}"
EndProject
Project("{8BC9CEB8-8B4A-11D0-8D11-00A0C91BC942}") = "Agregasi", "Agregasi\Agregasi.vcxproj", "{2505E651-CC5F-4ECC-8AE4-168E511C60B9}"
EndProject
Project("{8BC9CEB8-8B4A-11D0-8D11-00A0C91BC942}") = "Asosiasi", "Asosiasi\Asosiasi.vcxproj", "{8D05337A-0684-4BF1-AB3E-01321EAA6F2C}"
EndProject
Global
	GlobalSection(SolutionConfigurationPlatforms) = preSolution
		Debug|x64 = Debug|x64
		Debug|x86 = Debug|x86
		Release|x64 = Release|x64
		Release|x86 = Release|x86
	EndGlobalSection
	GlobalSection(ProjectConfigurationPlatforms) = postSolution
		{00FA1B94-B60A-4F10-8E93-436B3F88B5D9}.Debug|x64.ActiveCfg = Debug|x64
		{00FA1B94-B60A-4F10-8E93-436B3F88B5D9}.Debug|x64.Build.0 = Debug|x64
		{00FA1B94-B60A-4F10-8E93-436B3F88B5D9}.Debug|x86.ActiveCfg = Debug|Win32
		{00FA1B94-B60A-4F10-8E93-436B3F88B5D9}.Debug|x86.Build.0 = Debug|Win32
		{00FA1B94-B60A-4F10-8E93-436B3F88B5D9}.Release|x64.ActiveCfg = Release|x64
		{00FA1B94-B60A-4F10-8E93-436B3F88B5D9}.Release|x64.Build.0 = Release|x64
		{00FA1B94-B60A-4F10-8E93-436B3F88B5D9}.Release|x86.ActiveCfg = Release|Win32
		{00FA1B94-B60A-4F10-8E93-436B3F88B5D9}.Release|x86.Build.0 = Release|Win32
		{B0AED3B6-59DF-4AE2-A9DE-A38C53AA4CD5}.Debug|x64.ActiveCfg = Debug|x64
		{B0AED3B6-59DF-4AE2-A9DE-A38C53AA4CD5}.Debug|x64.Build.0 = Debug|x64
		{B0AED3B6-59DF-4AE2-A9DE-A38C53AA4CD5}.Debug|x86.ActiveCfg = Debug|Win32
		{B0AED3B6-59DF-4AE2-A9DE-A38C53AA4CD5}.Debug|x86.Build.0 = Debug|Win32
		{B0AED3B6-59DF-4AE2-A9DE-A38C53AA4CD5}.Release|x64.ActiveCfg = Release|x64
		{B0AED3B6-59DF-4AE2-A9DE-A38C53AA4CD5}.Release|x64.Build.0 = Release|x64
		{B0AED3B6-59DF-4AE2-A9DE-A38C53AA4CD5}.Release|x86.ActiveCfg = Release|Win32
		{B0AED3B6-59DF-4AE2-A9DE-A38C53AA4CD5}.Release|x86.Build.0 = Release|Win32
		{09233148-9F53-49CD-9C59-B867C1D9676E}.Debug|x64.ActiveCfg = Debug|x64
		{09233148-9F53-49CD-9C59-B867C1D9676E}.Debug|x64.Build.0 = Debug|x64
		{09233148-9F53-49CD-9C59-B867C1D9676E}.Debug|x86.ActiveCfg = Debug|Win32
		{09233148-9F53-49CD-9C59-B867C1D9676E}.Debug|x86.Build.0 = Debug|Win32
		{09233148-9F53-49CD-9C59-B867C1D9676E}.Release|x64.ActiveCfg = Release|x64
		{09233148-9F53-49CD-9C59-B867C1D9676E}.Release|x64.Build.0 = Release|x64
		{09233148-9F53-49CD-9C59-B867C1D9676E}.Release|x86.ActiveCfg = Release|Win32
		{09233148-9F53-49CD-9C59-B867C1D9676E}.Release|x86.Build.0 = Release|Win32
		{2505E651-CC5F-4ECC-8AE4-168E511C60B9}.Debug|x64.ActiveCfg = Debug|x64
		{2505E651-CC5F-4ECC-8AE4-168E511C60B9}.Debug|x64.Build.0 = Debug|x64
		{2505E651-CC5F-4ECC-8AE4-168E511C60B9}.Debug|x86.ActiveCfg = Debug|Win32
		{2505E651-CC5F-4ECC-8AE4-168E511C60B9}.Debug|x86.Build.0 = Debug|Win32
		{2505E651-CC5F-4ECC-8AE4-168E511C60B9}.Release|x64.ActiveCfg = Release|x64
		{2505E651-CC5F-4ECC-8AE4-168E511C60B9}.Release|x64.Build.0 = Release|x64
		{2505E651-CC5F-4ECC-8AE4-168E511C60B9}.Release|x86.ActiveCfg = Release|Win32
		{2505E651-CC5F-4ECC-8AE4-168E511C60B9}.Release|x86.Build.0 = Release|Win32
		{8D05337A-0684-4BF1-AB3E-01321EAA6F2C}.Debug|x64.ActiveCfg = Debug|x64
		{8D05337A-0684-4BF1-AB3E-01321EAA6F2C}.Debug|x64.Build.0 = Debug|x64
		{8D05337A-0684-4BF1-AB3E-01321EAA6F2C}.Debug|x86.ActiveCfg = Debug|Win32
		{8D05337A-0684-4BF1-AB3E-01321EAA6F2C}.Debug|x86.Build.0 = Debug|Win32
		{8D05337A-0684-4BF1-AB3E-01321EAA6F2C}.Release|x64.ActiveCfg = Release|x64
		{8D05337A-0684-4BF1-AB3E-01321EAA6F2C}.Release|x64.Build.0 = Release|x64
		{8D05337A-0684-4BF1-AB3E-01321EAA6F2C}.Release|x86.ActiveCfg = Release|Win32
		{8D05337A-0684-4BF1-AB3E-01321EAA6F2C}.Release|x86.Build.0 = Release|Win32
	EndGlobalSection
	GlobalSection(SolutionProperties) = preSolution
		HideSolutionNode = FALSE
	EndGlobalSection
	GlobalSection(ExtensibilityGlobals) = postSolution
		SolutionGuid = {1B18F2DF-FC82-4D90-978C-3AF38160E601}
	EndGlobalSection
EndGlobal
